
Microsoft Visual Studio Solution File, Format Version 12.00
# Visual Studio Version 17
VisualStudioVersion = 17.2.32630.192
MinimumVisualStudioVersion = 10.0.40219.1
Project("{FAE04EC0-301F-11D3-BF4B-00C04F79EFBC}") = "entrevista-tecnica", "entrevista-tecnica\entrevista-tecnica.csproj", "{9E24838B-97B6-4F40-913F-54980AEFBDCA}"
EndProject
Global
	GlobalSection(SolutionConfigurationPlatforms) = preSolution
		Debug|Any CPU = Debug|Any CPU
		Release|Any CPU = Release|Any CPU
	EndGlobalSection
	GlobalSection(ProjectConfigurationPlatforms) = postSolution
		{9E24838B-97B6-4F40-913F-54980AEFBDCA}.Debug|Any CPU.ActiveCfg = Debug|Any CPU
		{9E24838B-97B6-4F40-913F-54980AEFBDCA}.Debug|Any CPU.Build.0 = Debug|Any CPU
		{9E24838B-97B6-4F40-913F-54980AEFBDCA}.Release|Any CPU.ActiveCfg = Release|Any CPU
		{9E24838B-97B6-4F40-913F-54980AEFBDCA}.Release|Any CPU.Build.0 = Release|Any CPU
	EndGlobalSection
	GlobalSection(SolutionProperties) = preSolution
		HideSolutionNode = FALSE
	EndGlobalSection
	GlobalSection(ExtensibilityGlobals) = postSolution
		SolutionGuid = {A960628B-6606-4DD7-A349-88C9739787E2}
	EndGlobalSection
EndGlobal
